// !$*UTF8*$!
{
	archiveVersion = 1;
	classes = {
	};
	objectVersion = 46;
	objects = {

/* Begin PBXBuildFile section */
		041ED1E419F92B5300FEB3E0 /* 10_0.jpg in Resources */ = {isa = PBXBuildFile; fileRef = 041ED1E319F92B5300FEB3E0 /* 10_0.jpg */; };
		04DE2EE819F8E481001A38D2 /* Foundation.framework in Frameworks */ = {isa = PBXBuildFile; fileRef = 04DE2EE719F8E481001A38D2 /* Foundation.framework */; };
		04DE2EEA19F8E481001A38D2 /* CoreGraphics.framework in Frameworks */ = {isa = PBXBuildFile; fileRef = 04DE2EE919F8E481001A38D2 /* CoreGraphics.framework */; };
		04DE2EEC19F8E481001A38D2 /* UIKit.framework in Frameworks */ = {isa = PBXBuildFile; fileRef = 04DE2EEB19F8E481001A38D2 /* UIKit.framework */; };
		04DE2EF219F8E481001A38D2 /* InfoPlist.strings in Resources */ = {isa = PBXBuildFile; fileRef = 04DE2EF019F8E481001A38D2 /* InfoPlist.strings */; };
		04DE2EF419F8E481001A38D2 /* main.m in Sources */ = {isa = PBXBuildFile; fileRef = 04DE2EF319F8E481001A38D2 /* main.m */; };
		04DE2EF819F8E481001A38D2 /* QFAppDelegate.m in Sources */ = {isa = PBXBuildFile; fileRef = 04DE2EF719F8E481001A38D2 /* QFAppDelegate.m */; };
		04DE2EFA19F8E481001A38D2 /* Images.xcassets in Resources */ = {isa = PBXBuildFile; fileRef = 04DE2EF919F8E481001A38D2 /* Images.xcassets */; };
		04DE2F0119F8E481001A38D2 /* XCTest.framework in Frameworks */ = {isa = PBXBuildFile; fileRef = 04DE2F0019F8E481001A38D2 /* XCTest.framework */; };
		04DE2F0219F8E481001A38D2 /* Foundation.framework in Frameworks */ = {isa = PBXBuildFile; fileRef = 04DE2EE719F8E481001A38D2 /* Foundation.framework */; };
		04DE2F0319F8E481001A38D2 /* UIKit.framework in Frameworks */ = {isa = PBXBuildFile; fileRef = 04DE2EEB19F8E481001A38D2 /* UIKit.framework */; };
		04DE2F0B19F8E481001A38D2 /* InfoPlist.strings in Resources */ = {isa = PBXBuildFile; fileRef = 04DE2F0919F8E481001A38D2 /* InfoPlist.strings */; };
		04DE2F0D19F8E481001A38D2 /* UIWebViewTests.m in Sources */ = {isa = PBXBuildFile; fileRef = 04DE2F0C19F8E481001A38D2 /* UIWebViewTests.m */; };
/* End PBXBuildFile section */

/* Begin PBXContainerItemProxy section */
		04DE2F0419F8E481001A38D2 /* PBXContainerItemProxy */ = {
			isa = PBXContainerItemProxy;
			containerPortal = 04DE2EDC19F8E480001A38D2 /* Project object */;
			proxyType = 1;
			remoteGlobalIDString = 04DE2EE319F8E481001A38D2;
			remoteInfo = UIWebView;
		};
/* End PBXContainerItemProxy section */

/* Begin PBXFileReference section */
		041ED1E319F92B5300FEB3E0 /* 10_0.jpg */ = {isa = PBXFileReference; lastKnownFileType = image.jpeg; path = 10_0.jpg; sourceTree = "<group>"; };
		04DE2EE419F8E481001A38D2 /* UIWebView.app */ = {isa = PBXFileReference; explicitFileType = wrapper.application; includeInIndex = 0; path = UIWebView.app; sourceTree = BUILT_PRODUCTS_DIR; };
		04DE2EE719F8E481001A38D2 /* Foundation.framework */ = {isa = PBXFileReference; lastKnownFileType = wrapper.framework; name = Foundation.framework; path = System/Library/Frameworks/Foundation.framework; sourceTree = SDKROOT; };
		04DE2EE919F8E481001A38D2 /* CoreGraphics.framework */ = {isa = PBXFileReference; lastKnownFileType = wrapper.framework; name = CoreGraphics.framework; path = System/Library/Frameworks/CoreGraphics.framework; sourceTree = SDKROOT; };
		04DE2EEB19F8E481001A38D2 /* UIKit.framework */ = {isa = PBXFileReference; lastKnownFileType = wrapper.framework; name = UIKit.framework; path = System/Library/Frameworks/UIKit.framework; sourceTree = SDKROOT; };
		04DE2EEF19F8E481001A38D2 /* UIWebView-Info.plist */ = {isa = PBXFileReference; lastKnownFileType = text.plist.xml; path = "UIWebView-Info.plist"; sourceTree = "<group>"; };
		04DE2EF119F8E481001A38D2 /* en */ = {isa = PBXFileReference; lastKnownFileType = text.plist.strings; name = en; path = en.lproj/InfoPlist.strings; sourceTree = "<group>"; };
		04DE2EF319F8E481001A38D2 /* main.m */ = {isa = PBXFileReference; lastKnownFileType = sourcecode.c.objc; path = main.m; sourceTree = "<group>"; };
		04DE2EF519F8E481001A38D2 /* UIWebView-Prefix.pch */ = {isa = PBXFileReference; lastKnownFileType = sourcecode.c.h; path = "UIWebView-Prefix.pch"; sourceTree = "<group>"; };
		04DE2EF619F8E481001A38D2 /* QFAppDelegate.h */ = {isa = PBXFileReference; lastKnownFileType = sourcecode.c.h; path = QFAppDelegate.h; sourceTree = "<group>"; };
		04DE2EF719F8E481001A38D2 /* QFAppDelegate.m */ = {isa = PBXFileReference; lastKnownFileType = sourcecode.c.objc; path = QFAppDelegate.m; sourceTree = "<group>"; };
		04DE2EF919F8E481001A38D2 /* Images.xcassets */ = {isa = PBXFileReference; lastKnownFileType = folder.assetcatalog; path = Images.xcassets; sourceTree = "<group>"; };
		04DE2EFF19F8E481001A38D2 /* UIWebViewTests.xctest */ = {isa = PBXFileReference; explicitFileType = wrapper.cfbundle; includeInIndex = 0; path = UIWebViewTests.xctest; sourceTree = BUILT_PRODUCTS_DIR; };
		04DE2F0019F8E481001A38D2 /* XCTest.framework */ = {isa = PBXFileReference; lastKnownFileType = wrapper.framework; name = XCTest.framework; path = Library/Frameworks/XCTest.framework; sourceTree = DEVELOPER_DIR; };
		04DE2F0819F8E481001A38D2 /* UIWebViewTests-Info.plist */ = {isa = PBXFileReference; lastKnownFileType = text.plist.xml; path = "UIWebViewTests-Info.plist"; sourceTree = "<group>"; };
		04DE2F0A19F8E481001A38D2 /* en */ = {isa = PBXFileReference; lastKnownFileType = text.plist.strings; name = en; path = en.lproj/InfoPlist.strings; sourceTree = "<group>"; };
		04DE2F0C19F8E481001A38D2 /* UIWebViewTests.m */ = {isa = PBXFileReference; lastKnownFileType = sourcecode.c.objc; path = UIWebViewTests.m; sourceTree = "<group>"; };
/* End PBXFileReference section */

/* Begin PBXFrameworksBuildPhase section */
		04DE2EE119F8E481001A38D2 /* Frameworks */ = {
			isa = PBXFrameworksBuildPhase;
			buildActionMask = 2147483647;
			files = (
				04DE2EEA19F8E481001A38D2 /* CoreGraphics.framework in Frameworks */,
				04DE2EEC19F8E481001A38D2 /* UIKit.framework in Frameworks */,
				04DE2EE819F8E481001A38D2 /* Foundation.framework in Frameworks */,
			);
			runOnlyForDeploymentPostprocessing = 0;
		};
		04DE2EFC19F8E481001A38D2 /* Frameworks */ = {
			isa = PBXFrameworksBuildPhase;
			buildActionMask = 2147483647;
			files = (
				04DE2F0119F8E481001A38D2 /* XCTest.framework in Frameworks */,
				04DE2F0319F8E481001A38D2 /* UIKit.framework in Frameworks */,
				04DE2F0219F8E481001A38D2 /* Foundation.framework in Frameworks */,
			);
			runOnlyForDeploymentPostprocessing = 0;
		};
/* End PBXFrameworksBuildPhase section */

/* Begin PBXGroup section */
		04DE2EDB19F8E480001A38D2 = {
			isa = PBXGroup;
			children = (
				04DE2EED19F8E481001A38D2 /* UIWebView */,
				04DE2F0619F8E481001A38D2 /* UIWebViewTests */,
				04DE2EE619F8E481001A38D2 /* Frameworks */,
				04DE2EE519F8E481001A38D2 /* Products */,
			);
			sourceTree = "<group>";
		};
		04DE2EE519F8E481001A38D2 /* Products */ = {
			isa = PBXGroup;
			children = (
				04DE2EE419F8E481001A38D2 /* UIWebView.app */,
				04DE2EFF19F8E481001A38D2 /* UIWebViewTests.xctest */,
			);
			name = Products;
			sourceTree = "<group>";
		};
		04DE2EE619F8E481001A38D2 /* Frameworks */ = {
			isa = PBXGroup;
			children = (
				04DE2EE719F8E481001A38D2 /* Foundation.framework */,
				04DE2EE919F8E481001A38D2 /* CoreGraphics.framework */,
				04DE2EEB19F8E481001A38D2 /* UIKit.framework */,
				04DE2F0019F8E481001A38D2 /* XCTest.framework */,
			);
			name = Frameworks;
			sourceTree = "<group>";
		};
		04DE2EED19F8E481001A38D2 /* UIWebView */ = {
			isa = PBXGroup;
			children = (
				04DE2EF619F8E481001A38D2 /* QFAppDelegate.h */,
				04DE2EF719F8E481001A38D2 /* QFAppDelegate.m */,
				041ED1E319F92B5300FEB3E0 /* 10_0.jpg */,
				04DE2EF919F8E481001A38D2 /* Images.xcassets */,
				04DE2EEE19F8E481001A38D2 /* Supporting Files */,
			);
			path = UIWebView;
			sourceTree = "<group>";
		};
		04DE2EEE19F8E481001A38D2 /* Supporting Files */ = {
			isa = PBXGroup;
			children = (
				04DE2EEF19F8E481001A38D2 /* UIWebView-Info.plist */,
				04DE2EF019F8E481001A38D2 /* InfoPlist.strings */,
				04DE2EF319F8E481001A38D2 /* main.m */,
				04DE2EF519F8E481001A38D2 /* UIWebView-Prefix.pch */,
			);
			name = "Supporting Files";
			sourceTree = "<group>";
		};
		04DE2F0619F8E481001A38D2 /* UIWebViewTests */ = {
			isa = PBXGroup;
			children = (
				04DE2F0C19F8E481001A38D2 /* UIWebViewTests.m */,
				04DE2F0719F8E481001A38D2 /* Supporting Files */,
			);
			path = UIWebViewTests;
			sourceTree = "<group>";
		};
		04DE2F0719F8E481001A38D2 /* Supporting Files */ = {
			isa = PBXGroup;
			children = (
				04DE2F0819F8E481001A38D2 /* UIWebViewTests-Info.plist */,
				04DE2F0919F8E481001A38D2 /* InfoPlist.strings */,
			);
			name = "Supporting Files";
			sourceTree = "<group>";
		};
/* End PBXGroup section */

/* Begin PBXNativeTarget section */
		04DE2EE319F8E481001A38D2 /* UIWebView */ = {
			isa = PBXNativeTarget;
			buildConfigurationList = 04DE2F1019F8E481001A38D2 /* Build configuration list for PBXNativeTarget "UIWebView" */;
			buildPhases = (
				04DE2EE019F8E481001A38D2 /* Sources */,
				04DE2EE119F8E481001A38D2 /* Frameworks */,
				04DE2EE219F8E481001A38D2 /* Resources */,
			);
			buildRules = (
			);
			dependencies = (
			);
			name = UIWebView;
			productName = UIWebView;
			productReference = 04DE2EE419F8E481001A38D2 /* UIWebView.app */;
			productType = "com.apple.product-type.application";
		};
		04DE2EFE19F8E481001A38D2 /* UIWebViewTests */ = {
			isa = PBXNativeTarget;
			buildConfigurationList = 04DE2F1319F8E481001A38D2 /* Build configuration list for PBXNativeTarget "UIWebViewTests" */;
			buildPhases = (
				04DE2EFB19F8E481001A38D2 /* Sources */,
				04DE2EFC19F8E481001A38D2 /* Frameworks */,
				04DE2EFD19F8E481001A38D2 /* Resources */,
			);
			buildRules = (
			);
			dependencies = (
				04DE2F0519F8E481001A38D2 /* PBXTargetDependency */,
			);
			name = UIWebViewTests;
			productName = UIWebViewTests;
			productReference = 04DE2EFF19F8E481001A38D2 /* UIWebViewTests.xctest */;
			productType = "com.apple.product-type.bundle.unit-test";
		};
/* End PBXNativeTarget section */

/* Begin PBXProject section */
		04DE2EDC19F8E480001A38D2 /* Project object */ = {
			isa = PBXProject;
			attributes = {
				CLASSPREFIX = QF;
				LastUpgradeCheck = 0510;
				ORGANIZATIONNAME = fountain;
				TargetAttributes = {
					04DE2EFE19F8E481001A38D2 = {
						TestTargetID = 04DE2EE319F8E481001A38D2;
					};
				};
			};
			buildConfigurationList = 04DE2EDF19F8E480001A38D2 /* Build configuration list for PBXProject "UIWebView" */;
			compatibilityVersion = "Xcode 3.2";
			developmentRegion = English;
			hasScannedForEncodings = 0;
			knownRegions = (
				en,
			);
			mainGroup = 04DE2EDB19F8E480001A38D2;
			productRefGroup = 04DE2EE519F8E481001A38D2 /* Products */;
			projectDirPath = "";
			projectRoot = "";
			targets = (
				04DE2EE319F8E481001A38D2 /* UIWebView */,
				04DE2EFE19F8E481001A38D2 /* UIWebViewTests */,
			);
		};
/* End PBXProject section */

/* Begin PBXResourcesBuildPhase section */
		04DE2EE219F8E481001A38D2 /* Resources */ = {
			isa = PBXResourcesBuildPhase;
			buildActionMask = 2147483647;
			files = (
				04DE2EF219F8E481001A38D2 /* InfoPlist.strings in Resources */,
				04DE2EFA19F8E481001A38D2 /* Images.xcassets in Resources */,
				041ED1E419F92B5300FEB3E0 /* 10_0.jpg in Resources */,
			);
			runOnlyForDeploymentPostprocessing = 0;
		};
		04DE2EFD19F8E481001A38D2 /* Resources */ = {
			isa = PBXResourcesBuildPhase;
			buildActionMask = 2147483647;
			files = (
				04DE2F0B19F8E481001A38D2 /* InfoPlist.strings in Resources */,
			);
			runOnlyForDeploymentPostprocessing = 0;
		};
/* End PBXResourcesBuildPhase section */

/* Begin PBXSourcesBuildPhase section */
		04DE2EE019F8E481001A38D2 /* Sources */ = {
			isa = PBXSourcesBuildPhase;
			buildActionMask = 2147483647;
			files = (
				04DE2EF419F8E481001A38D2 /* main.m in Sources */,
				04DE2EF819F8E481001A38D2 /* QFAppDelegate.m in Sources */,
			);
			runOnlyForDeploymentPostprocessing = 0;
		};
		04DE2EFB19F8E481001A38D2 /* Sources */ = {
			isa = PBXSourcesBuildPhase;
			buildActionMask = 2147483647;
			files = (
				04DE2F0D19F8E481001A38D2 /* UIWebViewTests.m in Sources */,
			);
			runOnlyForDeploymentPostprocessing = 0;
		};
/* End PBXSourcesBuildPhase section */

/* Begin PBXTargetDependency section */
		04DE2F0519F8E481001A38D2 /* PBXTargetDependency */ = {
			isa = PBXTargetDependency;
			target = 04DE2EE319F8E481001A38D2 /* UIWebView */;
			targetProxy = 04DE2F0419F8E481001A38D2 /* PBXContainerItemProxy */;
		};
/* End PBXTargetDependency section */

/* Begin PBXVariantGroup section */
		04DE2EF019F8E481001A38D2 /* InfoPlist.strings */ = {
			isa = PBXVariantGroup;
			children = (
				04DE2EF119F8E481001A38D2 /* en */,
			);
			name = InfoPlist.strings;
			sourceTree = "<group>";
		};
		04DE2F0919F8E481001A38D2 /* InfoPlist.strings */ = {
			isa = PBXVariantGroup;
			children = (
				04DE2F0A19F8E481001A38D2 /* en */,
			);
			name = InfoPlist.strings;
			sourceTree = "<group>";
		};
/* End PBXVariantGroup section */

/* Begin XCBuildConfiguration section */
		04DE2F0E19F8E481001A38D2 /* Debug */ = {
			isa = XCBuildConfiguration;
			buildSettings = {
				ALWAYS_SEARCH_USER_PATHS = NO;
				CLANG_CXX_LANGUAGE_STANDARD = "gnu++0x";
				CLANG_CXX_LIBRARY = "libc++";
				CLANG_ENABLE_MODULES = YES;
				CLANG_ENABLE_OBJC_ARC = NO;
				CLANG_WARN_BOOL_CONVERSION = YES;
				CLANG_WARN_CONSTANT_CONVERSION = YES;
				CLANG_WARN_DIRECT_OBJC_ISA_USAGE = YES_ERROR;
				CLANG_WARN_EMPTY_BODY = YES;
				CLANG_WARN_ENUM_CONVERSION = YES;
				CLANG_WARN_INT_CONVERSION = YES;
				CLANG_WARN_OBJC_ROOT_CLASS = YES_ERROR;
				CLANG_WARN__DUPLICATE_METHOD_MATCH = YES;
				"CODE_SIGN_IDENTITY[sdk=iphoneos*]" = "iPhone Developer";
				COPY_PHASE_STRIP = NO;
				GCC_C_LANGUAGE_STANDARD = gnu99;
				GCC_DYNAMIC_NO_PIC = NO;
				GCC_OPTIMIZATION_LEVEL = 0;
				GCC_PREPROCESSOR_DEFINITIONS = (
					"DEBUG=1",
					"$(inherited)",
				);
				GCC_SYMBOLS_PRIVATE_EXTERN = NO;
				GCC_WARN_64_TO_32_BIT_CONVERSION = YES;
				GCC_WARN_ABOUT_RETURN_TYPE = YES_ERROR;
				GCC_WARN_UNDECLARED_SELECTOR = YES;
				GCC_WARN_UNINITIALIZED_AUTOS = YES_AGGRESSIVE;
				GCC_WARN_UNUSED_FUNCTION = YES;
				GCC_WARN_UNUSED_VARIABLE = YES;
				IPHONEOS_DEPLOYMENT_TARGET = 7.1;
				ONLY_ACTIVE_ARCH = YES;
				SDKROOT = iphoneos;
				TARGETED_DEVICE_FAMILY = "1,2";
			};
			name = Debug;
		};
		04DE2F0F19F8E481001A38D2 /* Release */ = {
			isa = XCBuildConfiguration;
			buildSettings = {
				ALWAYS_SEARCH_USER_PATHS = NO;
				CLANG_CXX_LANGUAGE_STANDARD = "gnu++0x";
				CLANG_CXX_LIBRARY = "libc++";
				CLANG_ENABLE_MODULES = YES;
				CLANG_ENABLE_OBJC_ARC = NO;
				CLANG_WARN_BOOL_CONVERSION = YES;
				CLANG_WARN_CONSTANT_CONVERSION = YES;
				CLANG_WARN_DIRECT_OBJC_ISA_USAGE = YES_ERROR;
				CLANG_WARN_EMPTY_BODY = YES;
				CLANG_WARN_ENUM_CONVERSION = YES;
				CLANG_WARN_INT_CONVERSION = YES;
				CLANG_WARN_OBJC_ROOT_CLASS = YES_ERROR;
				CLANG_WARN__DUPLICATE_METHOD_MATCH = YES;
				"CODE_SIGN_IDENTITY[sdk=iphoneos*]" = "iPhone Developer";
				COPY_PHASE_STRIP = YES;
				ENABLE_NS_ASSERTIONS = NO;
				GCC_C_LANGUAGE_STANDARD = gnu99;
				GCC_WARN_64_TO_32_BIT_CONVERSION = YES;
				GCC_WARN_ABOUT_RETURN_TYPE = YES_ERROR;
				GCC_WARN_UNDECLARED_SELECTOR = YES;
				GCC_WARN_UNINITIALIZED_AUTOS = YES_AGGRESSIVE;
				GCC_WARN_UNUSED_FUNCTION = YES;
				GCC_WARN_UNUSED_VARIABLE = YES;
				IPHONEOS_DEPLOYMENT_TARGET = 7.1;
				SDKROOT = iphoneos;
				TARGETED_DEVICE_FAMILY = "1,2";
				VALIDATE_PRODUCT = YES;
			};
			name = Release;
		};
		04DE2F1119F8E481001A38D2 /* Debug */ = {
			isa = XCBuildConfiguration;
			buildSettings = {
				ASSETCATALOG_COMPILER_APPICON_NAME = AppIcon;
				ASSETCATALOG_COMPILER_LAUNCHIMAGE_NAME = LaunchImage;
				GCC_PRECOMPILE_PREFIX_HEADER = YES;
				GCC_PREFIX_HEADER = "UIWebView/UIWebView-Prefix.pch";
				INFOPLIST_FILE = "UIWebView/UIWebView-Info.plist";
				PRODUCT_NAME = "$(TARGET_NAME)";
				WRAPPER_EXTENSION = app;
			};
			name = Debug;
		};
		04DE2F1219F8E481001A38D2 /* Release */ = {
			isa = XCBuildConfiguration;
			buildSettings = {
				ASSETCATALOG_COMPILER_APPICON_NAME = AppIcon;
				ASSETCATALOG_COMPILER_LAUNCHIMAGE_NAME = LaunchImage;
				GCC_PRECOMPILE_PREFIX_HEADER = YES;
				GCC_PREFIX_HEADER = "UIWebView/UIWebView-Prefix.pch";
				INFOPLIST_FILE = "UIWebView/UIWebView-Info.plist";
				PRODUCT_NAME = "$(TARGET_NAME)";
				WRAPPER_EXTENSION = app;
			};
			name = Release;
		};
		04DE2F1419F8E481001A38D2 /* Debug */ = {
			isa = XCBuildConfiguration;
			buildSettings = {
				BUNDLE_LOADER = "$(BUILT_PRODUCTS_DIR)/UIWebView.app/UIWebView";
				FRAMEWORK_SEARCH_PATHS = (
					"$(SDKROOT)/Developer/Library/Frameworks",
					"$(inherited)",
					"$(DEVELOPER_FRAMEWORKS_DIR)",
				);
				GCC_PRECOMPILE_PREFIX_HEADER = YES;
				GCC_PREFIX_HEADER = "UIWebView/UIWebView-Prefix.pch";
				GCC_PREPROCESSOR_DEFINITIONS = (
					"DEBUG=1",
					"$(inherited)",
				);
				INFOPLIST_FILE = "UIWebViewTests/UIWebViewTests-Info.plist";
				PRODUCT_NAME = "$(TARGET_NAME)";
				TEST_HOST = "$(BUNDLE_LOADER)";
				WRAPPER_EXTENSION = xctest;
			};
			name = Debug;
		};
		04DE2F1519F8E481001A38D2 /* Release */ = {
			isa = XCBuildConfiguration;
			buildSettings = {
				BUNDLE_LOADER = "$(BUILT_PRODUCTS_DIR)/UIWebView.app/UIWebView";
				FRAMEWORK_SEARCH_PATHS = (
					"$(SDKROOT)/Developer/Library/Frameworks",
					"$(inherited)",
					"$(DEVELOPER_FRAMEWORKS_DIR)",
				);
				GCC_PRECOMPILE_PREFIX_HEADER = YES;
				GCC_PREFIX_HEADER = "UIWebView/UIWebView-Prefix.pch";
				INFOPLIST_FILE = "UIWebViewTests/UIWebViewTests-Info.plist";
				PRODUCT_NAME = "$(TARGET_NAME)";
				TEST_HOST = "$(BUNDLE_LOADER)";
				WRAPPER_EXTENSION = xctest;
			};
			name = Release;
		};
/* End XCBuildConfiguration section */

/* Begin XCConfigurationList section */
		04DE2EDF19F8E480001A38D2 /* Build configuration list for PBXProject "UIWebView" */ = {
			isa = XCConfigurationList;
			buildConfigurations = (
				04DE2F0E19F8E481001A38D2 /* Debug */,
				04DE2F0F19F8E481001A38D2 /* Release */,
			);
			defaultConfigurationIsVisible = 0;
			defaultConfigurationName = Release;
		};
		04DE2F1019F8E481001A38D2 /* Build configuration list for PBXNativeTarget "UIWebView" */ = {
			isa = XCConfigurationList;
			buildConfigurations = (
				04DE2F1119F8E481001A38D2 /* Debug */,
				04DE2F1219F8E481001A38D2 /* Release */,
			);
			defaultConfigurationIsVisible = 0;
			defaultConfigurationName = Release;
		};
		04DE2F1319F8E481001A38D2 /* Build configuration list for PBXNativeTarget "UIWebViewTests" */ = {
			isa = XCConfigurationList;
			buildConfigurations = (
				04DE2F1419F8E481001A38D2 /* Debug */,
				04DE2F1519F8E481001A38D2 /* Release */,
			);
			defaultConfigurationIsVisible = 0;
			defaultConfigurationName = Release;
		};
/* End XCConfigurationList section */
	};
	rootObject = 04DE2EDC19F8E480001A38D2 /* Project object */;
}
